// !$*UTF8*$!
{
	archiveVersion = 1;
	classes = {
	};
	objectVersion = 56;
	objects = {

/* Begin PBXBuildFile section */
		215D4FB42CD5E9C6001DACFC /* AppDelegate.swift in Sources */ = {isa = PBXBuildFile; fileRef = 215D4FB32CD5E9C6001DACFC /* AppDelegate.swift */; };
		215D4FB62CD5E9C6001DACFC /* SceneDelegate.swift in Sources */ = {isa = PBXBuildFile; fileRef = 215D4FB52CD5E9C6001DACFC /* SceneDelegate.swift */; };
		215D4FBD2CD5E9C9001DACFC /* Assets.xcassets in Resources */ = {isa = PBXBuildFile; fileRef = 215D4FBC2CD5E9C9001DACFC /* Assets.xcassets */; };
		215D4FC02CD5E9C9001DACFC /* LaunchScreen.storyboard in Resources */ = {isa = PBXBuildFile; fileRef = 215D4FBE2CD5E9C9001DACFC /* LaunchScreen.storyboard */; };
		215D4FCC2CD5EB40001DACFC /* HomeVC.swift in Sources */ = {isa = PBXBuildFile; fileRef = 215D4FCB2CD5EB40001DACFC /* HomeVC.swift */; };
		215D4FCE2CD5EB50001DACFC /* Home.storyboard in Resources */ = {isa = PBXBuildFile; fileRef = 215D4FCD2CD5EB50001DACFC /* Home.storyboard */; };
		21AB6B372CD89B760018CF00 /* CreateVC.swift in Sources */ = {isa = PBXBuildFile; fileRef = 21AB6B362CD89B760018CF00 /* CreateVC.swift */; };
		21AB6B392CD89B870018CF00 /* Create.storyboard in Resources */ = {isa = PBXBuildFile; fileRef = 21AB6B382CD89B870018CF00 /* Create.storyboard */; };
		21AB6B3B2CD89CE30018CF00 /* Router.swift in Sources */ = {isa = PBXBuildFile; fileRef = 21AB6B3A2CD89CE30018CF00 /* Router.swift */; };
		21E2A7A12CD8A97C00117D93 /* CoffeeRecord.xcdatamodeld in Sources */ = {isa = PBXBuildFile; fileRef = 21E2A79F2CD8A97C00117D93 /* CoffeeRecord.xcdatamodeld */; };
		21E2A7B12CD8CB8400117D93 /* Date.swift in Sources */ = {isa = PBXBuildFile; fileRef = 21E2A7B02CD8CB8400117D93 /* Date.swift */; };
		21E2A7B42CD8D36800117D93 /* CoffeeRecord+CoreDataClass.swift in Sources */ = {isa = PBXBuildFile; fileRef = 21E2A7B22CD8D36800117D93 /* CoffeeRecord+CoreDataClass.swift */; };
		21E2A7B52CD8D36800117D93 /* CoffeeRecord+CoreDataProperties.swift in Sources */ = {isa = PBXBuildFile; fileRef = 21E2A7B32CD8D36800117D93 /* CoffeeRecord+CoreDataProperties.swift */; };
/* End PBXBuildFile section */

/* Begin PBXFileReference section */
		215D4FB02CD5E9C6001DACFC /* CoffeeRecorder-iOS.app */ = {isa = PBXFileReference; explicitFileType = wrapper.application; includeInIndex = 0; path = "CoffeeRecorder-iOS.app"; sourceTree = BUILT_PRODUCTS_DIR; };
		215D4FB32CD5E9C6001DACFC /* AppDelegate.swift */ = {isa = PBXFileReference; lastKnownFileType = sourcecode.swift; path = AppDelegate.swift; sourceTree = "<group>"; };
		215D4FB52CD5E9C6001DACFC /* SceneDelegate.swift */ = {isa = PBXFileReference; lastKnownFileType = sourcecode.swift; path = SceneDelegate.swift; sourceTree = "<group>"; };
		215D4FBC2CD5E9C9001DACFC /* Assets.xcassets */ = {isa = PBXFileReference; lastKnownFileType = folder.assetcatalog; path = Assets.xcassets; sourceTree = "<group>"; };
		215D4FBF2CD5E9C9001DACFC /* Base */ = {isa = PBXFileReference; lastKnownFileType = file.storyboard; name = Base; path = Base.lproj/LaunchScreen.storyboard; sourceTree = "<group>"; };
		215D4FC12CD5E9C9001DACFC /* Info.plist */ = {isa = PBXFileReference; lastKnownFileType = text.plist.xml; path = Info.plist; sourceTree = "<group>"; };
		215D4FCB2CD5EB40001DACFC /* HomeVC.swift */ = {isa = PBXFileReference; lastKnownFileType = sourcecode.swift; path = HomeVC.swift; sourceTree = "<group>"; };
		215D4FCD2CD5EB50001DACFC /* Home.storyboard */ = {isa = PBXFileReference; lastKnownFileType = file.storyboard; path = Home.storyboard; sourceTree = "<group>"; };
		21AB6B362CD89B760018CF00 /* CreateVC.swift */ = {isa = PBXFileReference; lastKnownFileType = sourcecode.swift; path = CreateVC.swift; sourceTree = "<group>"; };
		21AB6B382CD89B870018CF00 /* Create.storyboard */ = {isa = PBXFileReference; lastKnownFileType = file.storyboard; path = Create.storyboard; sourceTree = "<group>"; };
		21AB6B3A2CD89CE30018CF00 /* Router.swift */ = {isa = PBXFileReference; lastKnownFileType = sourcecode.swift; path = Router.swift; sourceTree = "<group>"; };
		21E2A7A02CD8A97C00117D93 /* CoffeeRecord.xcdatamodel */ = {isa = PBXFileReference; lastKnownFileType = wrapper.xcdatamodel; path = CoffeeRecord.xcdatamodel; sourceTree = "<group>"; };
		21E2A7A62CD8AE7300117D93 /* CoffeeRecorder.xcdatamodel */ = {isa = PBXFileReference; lastKnownFileType = wrapper.xcdatamodel; path = CoffeeRecorder.xcdatamodel; sourceTree = "<group>"; };
		21E2A7B02CD8CB8400117D93 /* Date.swift */ = {isa = PBXFileReference; lastKnownFileType = sourcecode.swift; path = Date.swift; sourceTree = "<group>"; };
		21E2A7B22CD8D36800117D93 /* CoffeeRecord+CoreDataClass.swift */ = {isa = PBXFileReference; lastKnownFileType = sourcecode.swift; path = "CoffeeRecord+CoreDataClass.swift"; sourceTree = "<group>"; };
		21E2A7B32CD8D36800117D93 /* CoffeeRecord+CoreDataProperties.swift */ = {isa = PBXFileReference; lastKnownFileType = sourcecode.swift; path = "CoffeeRecord+CoreDataProperties.swift"; sourceTree = "<group>"; };
/* End PBXFileReference section */

/* Begin PBXFrameworksBuildPhase section */
		215D4FAD2CD5E9C6001DACFC /* Frameworks */ = {
			isa = PBXFrameworksBuildPhase;
			buildActionMask = 2147483647;
			files = (
			);
			runOnlyForDeploymentPostprocessing = 0;
		};
/* End PBXFrameworksBuildPhase section */

/* Begin PBXGroup section */
		215D4FA72CD5E9C6001DACFC = {
			isa = PBXGroup;
			children = (
				215D4FB22CD5E9C6001DACFC /* CoffeeRecorder-iOS */,
				215D4FB12CD5E9C6001DACFC /* Products */,
			);
			sourceTree = "<group>";
		};
		215D4FB12CD5E9C6001DACFC /* Products */ = {
			isa = PBXGroup;
			children = (
				215D4FB02CD5E9C6001DACFC /* CoffeeRecorder-iOS.app */,
			);
			name = Products;
			sourceTree = "<group>";
		};
		215D4FB22CD5E9C6001DACFC /* CoffeeRecorder-iOS */ = {
			isa = PBXGroup;
			children = (
				215D4FC72CD5EAB9001DACFC /* Application */,
				215D4FC92CD5EAF2001DACFC /* Domain */,
				215D4FC82CD5EAE5001DACFC /* Presentation */,
				21E2A7AF2CD8CB6200117D93 /* Utils */,
				215D4FC12CD5E9C9001DACFC /* Info.plist */,
			);
			path = "CoffeeRecorder-iOS";
			sourceTree = "<group>";
		};
		215D4FC72CD5EAB9001DACFC /* Application */ = {
			isa = PBXGroup;
			children = (
				215D4FB32CD5E9C6001DACFC /* AppDelegate.swift */,
				215D4FB52CD5E9C6001DACFC /* SceneDelegate.swift */,
				215D4FBC2CD5E9C9001DACFC /* Assets.xcassets */,
				215D4FBE2CD5E9C9001DACFC /* LaunchScreen.storyboard */,
			);
			path = Application;
			sourceTree = "<group>";
		};
		215D4FC82CD5EAE5001DACFC /* Presentation */ = {
			isa = PBXGroup;
			children = (
				21AB6B3A2CD89CE30018CF00 /* Router.swift */,
				215D4FCA2CD5EB2A001DACFC /* Home */,
				21AB6B352CD89B2B0018CF00 /* Create */,
			);
			path = Presentation;
			sourceTree = "<group>";
		};
		215D4FC92CD5EAF2001DACFC /* Domain */ = {
			isa = PBXGroup;
			children = (
				21E2A79E2CD8A94C00117D93 /* Model */,
			);
			path = Domain;
			sourceTree = "<group>";
		};
		215D4FCA2CD5EB2A001DACFC /* Home */ = {
			isa = PBXGroup;
			children = (
				215D4FCB2CD5EB40001DACFC /* HomeVC.swift */,
				215D4FCD2CD5EB50001DACFC /* Home.storyboard */,
			);
			path = Home;
			sourceTree = "<group>";
		};
		21AB6B352CD89B2B0018CF00 /* Create */ = {
			isa = PBXGroup;
			children = (
				21AB6B362CD89B760018CF00 /* CreateVC.swift */,
				21AB6B382CD89B870018CF00 /* Create.storyboard */,
			);
			path = Create;
			sourceTree = "<group>";
		};
		21E2A79E2CD8A94C00117D93 /* Model */ = {
			isa = PBXGroup;
			children = (
				21E2A7B22CD8D36800117D93 /* CoffeeRecord+CoreDataClass.swift */,
				21E2A7B32CD8D36800117D93 /* CoffeeRecord+CoreDataProperties.swift */,
				21E2A79F2CD8A97C00117D93 /* CoffeeRecord.xcdatamodeld */,
			);
			path = Model;
			sourceTree = "<group>";
		};
		21E2A7AF2CD8CB6200117D93 /* Utils */ = {
			isa = PBXGroup;
			children = (
				21E2A7B02CD8CB8400117D93 /* Date.swift */,
			);
			path = Utils;
			sourceTree = "<group>";
		};
/* End PBXGroup section */

/* Begin PBXNativeTarget section */
		215D4FAF2CD5E9C6001DACFC /* CoffeeRecorder-iOS */ = {
			isa = PBXNativeTarget;
			buildConfigurationList = 215D4FC42CD5E9C9001DACFC /* Build configuration list for PBXNativeTarget "CoffeeRecorder-iOS" */;
			buildPhases = (
				215D4FAC2CD5E9C6001DACFC /* Sources */,
				215D4FAD2CD5E9C6001DACFC /* Frameworks */,
				215D4FAE2CD5E9C6001DACFC /* Resources */,
			);
			buildRules = (
			);
			dependencies = (
			);
			name = "CoffeeRecorder-iOS";
			productName = "CoffeeRecorder-iOS";
			productReference = 215D4FB02CD5E9C6001DACFC /* CoffeeRecorder-iOS.app */;
			productType = "com.apple.product-type.application";
		};
/* End PBXNativeTarget section */

/* Begin PBXProject section */
		215D4FA82CD5E9C6001DACFC /* Project object */ = {
			isa = PBXProject;
			attributes = {
				BuildIndependentTargetsInParallel = 1;
				LastSwiftUpdateCheck = 1520;
				LastUpgradeCheck = 1520;
				TargetAttributes = {
					215D4FAF2CD5E9C6001DACFC = {
						CreatedOnToolsVersion = 15.2;
					};
				};
			};
			buildConfigurationList = 215D4FAB2CD5E9C6001DACFC /* Build configuration list for PBXProject "CoffeeRecorder-iOS" */;
			compatibilityVersion = "Xcode 14.0";
			developmentRegion = en;
			hasScannedForEncodings = 0;
			knownRegions = (
				en,
				Base,
			);
			mainGroup = 215D4FA72CD5E9C6001DACFC;
			productRefGroup = 215D4FB12CD5E9C6001DACFC /* Products */;
			projectDirPath = "";
			projectRoot = "";
			targets = (
				215D4FAF2CD5E9C6001DACFC /* CoffeeRecorder-iOS */,
			);
		};
/* End PBXProject section */

/* Begin PBXResourcesBuildPhase section */
		215D4FAE2CD5E9C6001DACFC /* Resources */ = {
			isa = PBXResourcesBuildPhase;
			buildActionMask = 2147483647;
			files = (
				21AB6B392CD89B870018CF00 /* Create.storyboard in Resources */,
				215D4FCE2CD5EB50001DACFC /* Home.storyboard in Resources */,
				215D4FC02CD5E9C9001DACFC /* LaunchScreen.storyboard in Resources */,
				215D4FBD2CD5E9C9001DACFC /* Assets.xcassets in Resources */,
			);
			runOnlyForDeploymentPostprocessing = 0;
		};
/* End PBXResourcesBuildPhase section */

/* Begin PBXSourcesBuildPhase section */
		215D4FAC2CD5E9C6001DACFC /* Sources */ = {
			isa = PBXSourcesBuildPhase;
			buildActionMask = 2147483647;
			files = (
				215D4FCC2CD5EB40001DACFC /* HomeVC.swift in Sources */,
				215D4FB42CD5E9C6001DACFC /* AppDelegate.swift in Sources */,
				21AB6B3B2CD89CE30018CF00 /* Router.swift in Sources */,
				21AB6B372CD89B760018CF00 /* CreateVC.swift in Sources */,
				21E2A7B42CD8D36800117D93 /* CoffeeRecord+CoreDataClass.swift in Sources */,
				21E2A7A12CD8A97C00117D93 /* CoffeeRecord.xcdatamodeld in Sources */,
				21E2A7B52CD8D36800117D93 /* CoffeeRecord+CoreDataProperties.swift in Sources */,
				21E2A7B12CD8CB8400117D93 /* Date.swift in Sources */,
				215D4FB62CD5E9C6001DACFC /* SceneDelegate.swift in Sources */,
			);
			runOnlyForDeploymentPostprocessing = 0;
		};
/* End PBXSourcesBuildPhase section */

/* Begin PBXVariantGroup section */
		215D4FBE2CD5E9C9001DACFC /* LaunchScreen.storyboard */ = {
			isa = PBXVariantGroup;
			children = (
				215D4FBF2CD5E9C9001DACFC /* Base */,
			);
			name = LaunchScreen.storyboard;
			sourceTree = "<group>";
		};
/* End PBXVariantGroup section */

/* Begin XCBuildConfiguration section */
		215D4FC22CD5E9C9001DACFC /* Debug */ = {
			isa = XCBuildConfiguration;
			buildSettings = {
				ALWAYS_SEARCH_USER_PATHS = NO;
				ASSETCATALOG_COMPILER_GENERATE_SWIFT_ASSET_SYMBOL_EXTENSIONS = YES;
				CLANG_ANALYZER_NONNULL = YES;
				CLANG_ANALYZER_NUMBER_OBJECT_CONVERSION = YES_AGGRESSIVE;
				CLANG_CXX_LANGUAGE_STANDARD = "gnu++20";
				CLANG_ENABLE_MODULES = YES;
				CLANG_ENABLE_OBJC_ARC = YES;
				CLANG_ENABLE_OBJC_WEAK = YES;
				CLANG_WARN_BLOCK_CAPTURE_AUTORELEASING = YES;
				CLANG_WARN_BOOL_CONVERSION = YES;
				CLANG_WARN_COMMA = YES;
				CLANG_WARN_CONSTANT_CONVERSION = YES;
				CLANG_WARN_DEPRECATED_OBJC_IMPLEMENTATIONS = YES;
				CLANG_WARN_DIRECT_OBJC_ISA_USAGE = YES_ERROR;
				CLANG_WARN_DOCUMENTATION_COMMENTS = YES;
				CLANG_WARN_EMPTY_BODY = YES;
				CLANG_WARN_ENUM_CONVERSION = YES;
				CLANG_WARN_INFINITE_RECURSION = YES;
				CLANG_WARN_INT_CONVERSION = YES;
				CLANG_WARN_NON_LITERAL_NULL_CONVERSION = YES;
				CLANG_WARN_OBJC_IMPLICIT_RETAIN_SELF = YES;
				CLANG_WARN_OBJC_LITERAL_CONVERSION = YES;
				CLANG_WARN_OBJC_ROOT_CLASS = YES_ERROR;
				CLANG_WARN_QUOTED_INCLUDE_IN_FRAMEWORK_HEADER = YES;
				CLANG_WARN_RANGE_LOOP_ANALYSIS = YES;
				CLANG_WARN_STRICT_PROTOTYPES = YES;
				CLANG_WARN_SUSPICIOUS_MOVE = YES;
				CLANG_WARN_UNGUARDED_AVAILABILITY = YES_AGGRESSIVE;
				CLANG_WARN_UNREACHABLE_CODE = YES;
				CLANG_WARN__DUPLICATE_METHOD_MATCH = YES;
				COPY_PHASE_STRIP = NO;
				DEBUG_INFORMATION_FORMAT = dwarf;
				ENABLE_STRICT_OBJC_MSGSEND = YES;
				ENABLE_TESTABILITY = YES;
				ENABLE_USER_SCRIPT_SANDBOXING = YES;
				GCC_C_LANGUAGE_STANDARD = gnu17;
				GCC_DYNAMIC_NO_PIC = NO;
				GCC_NO_COMMON_BLOCKS = YES;
				GCC_OPTIMIZATION_LEVEL = 0;
				GCC_PREPROCESSOR_DEFINITIONS = (
					"DEBUG=1",
					"$(inherited)",
				);
				GCC_WARN_64_TO_32_BIT_CONVERSION = YES;
				GCC_WARN_ABOUT_RETURN_TYPE = YES_ERROR;
				GCC_WARN_UNDECLARED_SELECTOR = YES;
				GCC_WARN_UNINITIALIZED_AUTOS = YES_AGGRESSIVE;
				GCC_WARN_UNUSED_FUNCTION = YES;
				GCC_WARN_UNUSED_VARIABLE = YES;
				IPHONEOS_DEPLOYMENT_TARGET = 17.2;
				LOCALIZATION_PREFERS_STRING_CATALOGS = YES;
				MTL_ENABLE_DEBUG_INFO = INCLUDE_SOURCE;
				MTL_FAST_MATH = YES;
				ONLY_ACTIVE_ARCH = YES;
				SDKROOT = iphoneos;
				SWIFT_ACTIVE_COMPILATION_CONDITIONS = "DEBUG $(inherited)";
				SWIFT_OPTIMIZATION_LEVEL = "-Onone";
			};
			name = Debug;
		};
		215D4FC32CD5E9C9001DACFC /* Release */ = {
			isa = XCBuildConfiguration;
			buildSettings = {
				ALWAYS_SEARCH_USER_PATHS = NO;
				ASSETCATALOG_COMPILER_GENERATE_SWIFT_ASSET_SYMBOL_EXTENSIONS = YES;
				CLANG_ANALYZER_NONNULL = YES;
				CLANG_ANALYZER_NUMBER_OBJECT_CONVERSION = YES_AGGRESSIVE;
				CLANG_CXX_LANGUAGE_STANDARD = "gnu++20";
				CLANG_ENABLE_MODULES = YES;
				CLANG_ENABLE_OBJC_ARC = YES;
				CLANG_ENABLE_OBJC_WEAK = YES;
				CLANG_WARN_BLOCK_CAPTURE_AUTORELEASING = YES;
				CLANG_WARN_BOOL_CONVERSION = YES;
				CLANG_WARN_COMMA = YES;
				CLANG_WARN_CONSTANT_CONVERSION = YES;
				CLANG_WARN_DEPRECATED_OBJC_IMPLEMENTATIONS = YES;
				CLANG_WARN_DIRECT_OBJC_ISA_USAGE = YES_ERROR;
				CLANG_WARN_DOCUMENTATION_COMMENTS = YES;
				CLANG_WARN_EMPTY_BODY = YES;
				CLANG_WARN_ENUM_CONVERSION = YES;
				CLANG_WARN_INFINITE_RECURSION = YES;
				CLANG_WARN_INT_CONVERSION = YES;
				CLANG_WARN_NON_LITERAL_NULL_CONVERSION = YES;
				CLANG_WARN_OBJC_IMPLICIT_RETAIN_SELF = YES;
				CLANG_WARN_OBJC_LITERAL_CONVERSION = YES;
				CLANG_WARN_OBJC_ROOT_CLASS = YES_ERROR;
				CLANG_WARN_QUOTED_INCLUDE_IN_FRAMEWORK_HEADER = YES;
				CLANG_WARN_RANGE_LOOP_ANALYSIS = YES;
				CLANG_WARN_STRICT_PROTOTYPES = YES;
				CLANG_WARN_SUSPICIOUS_MOVE = YES;
				CLANG_WARN_UNGUARDED_AVAILABILITY = YES_AGGRESSIVE;
				CLANG_WARN_UNREACHABLE_CODE = YES;
				CLANG_WARN__DUPLICATE_METHOD_MATCH = YES;
				COPY_PHASE_STRIP = NO;
				DEBUG_INFORMATION_FORMAT = "dwarf-with-dsym";
				ENABLE_NS_ASSERTIONS = NO;
				ENABLE_STRICT_OBJC_MSGSEND = YES;
				ENABLE_USER_SCRIPT_SANDBOXING = YES;
				GCC_C_LANGUAGE_STANDARD = gnu17;
				GCC_NO_COMMON_BLOCKS = YES;
				GCC_WARN_64_TO_32_BIT_CONVERSION = YES;
				GCC_WARN_ABOUT_RETURN_TYPE = YES_ERROR;
				GCC_WARN_UNDECLARED_SELECTOR = YES;
				GCC_WARN_UNINITIALIZED_AUTOS = YES_AGGRESSIVE;
				GCC_WARN_UNUSED_FUNCTION = YES;
				GCC_WARN_UNUSED_VARIABLE = YES;
				IPHONEOS_DEPLOYMENT_TARGET = 17.2;
				LOCALIZATION_PREFERS_STRING_CATALOGS = YES;
				MTL_ENABLE_DEBUG_INFO = NO;
				MTL_FAST_MATH = YES;
				SDKROOT = iphoneos;
				SWIFT_COMPILATION_MODE = wholemodule;
				VALIDATE_PRODUCT = YES;
			};
			name = Release;
		};
		215D4FC52CD5E9C9001DACFC /* Debug */ = {
			isa = XCBuildConfiguration;
			buildSettings = {
				ASSETCATALOG_COMPILER_APPICON_NAME = AppIcon;
				ASSETCATALOG_COMPILER_GLOBAL_ACCENT_COLOR_NAME = AccentColor;
				CODE_SIGN_STYLE = Automatic;
				CURRENT_PROJECT_VERSION = 1;
				DEVELOPMENT_TEAM = 2WQURSS6Y6;
				GENERATE_INFOPLIST_FILE = YES;
				INFOPLIST_FILE = "CoffeeRecorder-iOS/Info.plist";
				INFOPLIST_KEY_UIApplicationSupportsIndirectInputEvents = YES;
				INFOPLIST_KEY_UILaunchStoryboardName = LaunchScreen;
				INFOPLIST_KEY_UISupportedInterfaceOrientations_iPad = "UIInterfaceOrientationPortrait UIInterfaceOrientationPortraitUpsideDown UIInterfaceOrientationLandscapeLeft UIInterfaceOrientationLandscapeRight";
				INFOPLIST_KEY_UISupportedInterfaceOrientations_iPhone = "UIInterfaceOrientationPortrait UIInterfaceOrientationLandscapeLeft UIInterfaceOrientationLandscapeRight";
				LD_RUNPATH_SEARCH_PATHS = (
					"$(inherited)",
					"@executable_path/Frameworks",
				);
				MARKETING_VERSION = 1.0;
				PRODUCT_BUNDLE_IDENTIFIER = "com.sgmkhr.CoffeeRecorder-iOS";
				PRODUCT_NAME = "$(TARGET_NAME)";
				SWIFT_EMIT_LOC_STRINGS = YES;
				SWIFT_VERSION = 5.0;
				TARGETED_DEVICE_FAMILY = "1,2";
			};
			name = Debug;
		};
		215D4FC62CD5E9C9001DACFC /* Release */ = {
			isa = XCBuildConfiguration;
			buildSettings = {
				ASSETCATALOG_COMPILER_APPICON_NAME = AppIcon;
				ASSETCATALOG_COMPILER_GLOBAL_ACCENT_COLOR_NAME = AccentColor;
				CODE_SIGN_STYLE = Automatic;
				CURRENT_PROJECT_VERSION = 1;
				DEVELOPMENT_TEAM = 2WQURSS6Y6;
				GENERATE_INFOPLIST_FILE = YES;
				INFOPLIST_FILE = "CoffeeRecorder-iOS/Info.plist";
				INFOPLIST_KEY_UIApplicationSupportsIndirectInputEvents = YES;
				INFOPLIST_KEY_UILaunchStoryboardName = LaunchScreen;
				INFOPLIST_KEY_UISupportedInterfaceOrientations_iPad = "UIInterfaceOrientationPortrait UIInterfaceOrientationPortraitUpsideDown UIInterfaceOrientationLandscapeLeft UIInterfaceOrientationLandscapeRight";
				INFOPLIST_KEY_UISupportedInterfaceOrientations_iPhone = "UIInterfaceOrientationPortrait UIInterfaceOrientationLandscapeLeft UIInterfaceOrientationLandscapeRight";
				LD_RUNPATH_SEARCH_PATHS = (
					"$(inherited)",
					"@executable_path/Frameworks",
				);
				MARKETING_VERSION = 1.0;
				PRODUCT_BUNDLE_IDENTIFIER = "com.sgmkhr.CoffeeRecorder-iOS";
				PRODUCT_NAME = "$(TARGET_NAME)";
				SWIFT_EMIT_LOC_STRINGS = YES;
				SWIFT_VERSION = 5.0;
				TARGETED_DEVICE_FAMILY = "1,2";
			};
			name = Release;
		};
/* End XCBuildConfiguration section */

/* Begin XCConfigurationList section */
		215D4FAB2CD5E9C6001DACFC /* Build configuration list for PBXProject "CoffeeRecorder-iOS" */ = {
			isa = XCConfigurationList;
			buildConfigurations = (
				215D4FC22CD5E9C9001DACFC /* Debug */,
				215D4FC32CD5E9C9001DACFC /* Release */,
			);
			defaultConfigurationIsVisible = 0;
			defaultConfigurationName = Release;
		};
		215D4FC42CD5E9C9001DACFC /* Build configuration list for PBXNativeTarget "CoffeeRecorder-iOS" */ = {
			isa = XCConfigurationList;
			buildConfigurations = (
				215D4FC52CD5E9C9001DACFC /* Debug */,
				215D4FC62CD5E9C9001DACFC /* Release */,
			);
			defaultConfigurationIsVisible = 0;
			defaultConfigurationName = Release;
		};
/* End XCConfigurationList section */

/* Begin XCVersionGroup section */
		21E2A79F2CD8A97C00117D93 /* CoffeeRecord.xcdatamodeld */ = {
			isa = XCVersionGroup;
			children = (
				21E2A7A62CD8AE7300117D93 /* CoffeeRecorder.xcdatamodel */,
				21E2A7A02CD8A97C00117D93 /* CoffeeRecord.xcdatamodel */,
			);
			currentVersion = 21E2A7A62CD8AE7300117D93 /* CoffeeRecorder.xcdatamodel */;
			path = CoffeeRecord.xcdatamodeld;
			sourceTree = "<group>";
			versionGroupType = wrapper.xcdatamodel;
		};
/* End XCVersionGroup section */
	};
	rootObject = 215D4FA82CD5E9C6001DACFC /* Project object */;
}
